
Microsoft Visual Studio Solution File, Format Version 12.00
# Visual Studio Version 17
VisualStudioVersion = 17.1.32407.343
MinimumVisualStudioVersion = 10.0.40219.1
Project("{FAE04EC0-301F-11D3-BF4B-00C04F79EFBC}") = "PizzaManagementSystem.Web", "PizzaManagementSystem.Web\PizzaManagementSystem.Web.csproj", "{75935497-689E-4690-96EB-6B8F7AEB08CC}"
EndProject
Project("{FAE04EC0-301F-11D3-BF4B-00C04F79EFBC}") = "PizzaManagementSystem.Core", "PizzaManagementSystem.Core\PizzaManagementSystem.Core.csproj", "{D8763ADD-6244-4450-B5E4-863CF694B279}"
EndProject
Project("{FAE04EC0-301F-11D3-BF4B-00C04F79EFBC}") = "PizzaManagementSystem.DAL", "PizzaManagementSystem.DAL\PizzaManagementSystem.DAL.csproj", "{57575054-6AA7-4D9F-A826-2582BFDD853E}"
EndProject
Global
	GlobalSection(SolutionConfigurationPlatforms) = preSolution
		Debug|Any CPU = Debug|Any CPU
		Release|Any CPU = Release|Any CPU
	EndGlobalSection
	GlobalSection(ProjectConfigurationPlatforms) = postSolution
		{75935497-689E-4690-96EB-6B8F7AEB08CC}.Debug|Any CPU.ActiveCfg = Debug|Any CPU
		{75935497-689E-4690-96EB-6B8F7AEB08CC}.Debug|Any CPU.Build.0 = Debug|Any CPU
		{75935497-689E-4690-96EB-6B8F7AEB08CC}.Release|Any CPU.ActiveCfg = Release|Any CPU
		{75935497-689E-4690-96EB-6B8F7AEB08CC}.Release|Any CPU.Build.0 = Release|Any CPU
		{D8763ADD-6244-4450-B5E4-863CF694B279}.Debug|Any CPU.ActiveCfg = Debug|Any CPU
		{D8763ADD-6244-4450-B5E4-863CF694B279}.Debug|Any CPU.Build.0 = Debug|Any CPU
		{D8763ADD-6244-4450-B5E4-863CF694B279}.Release|Any CPU.ActiveCfg = Release|Any CPU
		{D8763ADD-6244-4450-B5E4-863CF694B279}.Release|Any CPU.Build.0 = Release|Any CPU
		{57575054-6AA7-4D9F-A826-2582BFDD853E}.Debug|Any CPU.ActiveCfg = Debug|Any CPU
		{57575054-6AA7-4D9F-A826-2582BFDD853E}.Debug|Any CPU.Build.0 = Debug|Any CPU
		{57575054-6AA7-4D9F-A826-2582BFDD853E}.Release|Any CPU.ActiveCfg = Release|Any CPU
		{57575054-6AA7-4D9F-A826-2582BFDD853E}.Release|Any CPU.Build.0 = Release|Any CPU
	EndGlobalSection
	GlobalSection(SolutionProperties) = preSolution
		HideSolutionNode = FALSE
	EndGlobalSection
	GlobalSection(ExtensibilityGlobals) = postSolution
		SolutionGuid = {65065905-1BAF-42AB-B0E7-5289C0E75C80}
	EndGlobalSection
EndGlobal
